<?xml version="1.0" encoding="utf-8"?>
<Project ToolsVersion="4.0" xmlns="http://schemas.microsoft.com/developer/msbuild/2003">
  <ItemGroup>
    <Filter Include="HeaderFiles">
      <UniqueIdentifier>{5a4dd893-1a04-4c5f-9488-499bb50a56bf}</UniqueIdentifier>
    </Filter>
    <Filter Include="CppFiles">
      <UniqueIdentifier>{6c702a7d-ba44-4e72-b668-ef91906b5a4e}</UniqueIdentifier>
    </Filter>
  </ItemGroup>
  <ItemGroup>
    <ClCompile Include="Game_Project.cpp">
      <Filter>CppFiles</Filter>
    </ClCompile>
    <ClCompile Include="Player.cpp">
      <Filter>CppFiles</Filter>
    </ClCompile>
  </ItemGroup>
  <ItemGroup>
    <ClInclude Include="Player.h">
      <Filter>HeaderFiles</Filter>
    </ClInclude>
  </ItemGroup>
</Project>