<?xml version="1.0" encoding="utf-8"?>
<Project ToolsVersion="4.0" xmlns="http://schemas.microsoft.com/developer/msbuild/2003">
  <ItemGroup>
    <Filter Include="Global">
      <UniqueIdentifier>{afc2e340-e49f-4aa0-9afb-cf236c5e6d9b}</UniqueIdentifier>
    </Filter>
    <Filter Include="Main">
      <UniqueIdentifier>{6c702a7d-ba44-4e72-b668-ef91906b5a4e}</UniqueIdentifier>
    </Filter>
    <Filter Include="Global\Cpp Files">
      <UniqueIdentifier>{47f1f4c3-5ce9-43bd-847f-b40ae8286538}</UniqueIdentifier>
    </Filter>
    <Filter Include="Global\Header Files">
      <UniqueIdentifier>{12b5363d-f7ba-482f-9e52-679b114a4476}</UniqueIdentifier>
    </Filter>
    <Filter Include="Main\Cpp Files">
      <UniqueIdentifier>{90cc9e67-0f07-4962-bb8a-9a31b14ee063}</UniqueIdentifier>
    </Filter>
    <Filter Include="VechMenu">
      <UniqueIdentifier>{5e1044db-c935-4885-94cf-cde1fdf15620}</UniqueIdentifier>
    </Filter>
    <Filter Include="VechMenu\Cpp files">
      <UniqueIdentifier>{69d0a129-13c5-448e-92d4-48cbb1993acc}</UniqueIdentifier>
    </Filter>
    <Filter Include="VechMenu\Header files">
      <UniqueIdentifier>{22ee04b1-73fd-4e49-9e1d-b144a4629ca8}</UniqueIdentifier>
    </Filter>
    <Filter Include="Entity Manager">
      <UniqueIdentifier>{2e37b90c-2305-4406-9417-ecec5e0a3052}</UniqueIdentifier>
    </Filter>
    <Filter Include="Entity Manager\HeaderFile">
      <UniqueIdentifier>{cef17803-c374-4750-af43-090cbad14e63}</UniqueIdentifier>
    </Filter>
    <Filter Include="Entity Manager\Cpp File">
      <UniqueIdentifier>{a61b6e9e-bf0e-445b-9588-3f3da2ec3409}</UniqueIdentifier>
    </Filter>
    <Filter Include="Players">
      <UniqueIdentifier>{809beac7-5680-4209-869b-e652a5d1c68c}</UniqueIdentifier>
    </Filter>
    <Filter Include="Players\BasePlayer">
      <UniqueIdentifier>{7cf74cb6-b16d-43e9-90ae-d6d48906cde4}</UniqueIdentifier>
    </Filter>
    <Filter Include="Players\BasePlayer\Header File">
      <UniqueIdentifier>{63ebd207-2a03-428a-bb09-bbb189068814}</UniqueIdentifier>
    </Filter>
    <Filter Include="Players\BasePlayer\Cpp File">
      <UniqueIdentifier>{d4428e33-4daf-4de9-90c0-7b5567f31110}</UniqueIdentifier>
    </Filter>
    <Filter Include="Players\Player Type">
      <UniqueIdentifier>{fd98142b-a178-4624-8811-d5e32908fafc}</UniqueIdentifier>
    </Filter>
    <Filter Include="Players\Player Type\Human">
      <UniqueIdentifier>{655ed2ce-1c65-49e0-819d-35f8a5475aaf}</UniqueIdentifier>
    </Filter>
    <Filter Include="Players\Player Type\Human\Cpp Files">
      <UniqueIdentifier>{e0721d69-d551-40c6-b8ab-fa89d40b34ac}</UniqueIdentifier>
    </Filter>
    <Filter Include="Players\Player Type\Human\Header Files">
      <UniqueIdentifier>{f015d02a-090f-455d-a903-e34460e67984}</UniqueIdentifier>
    </Filter>
    <Filter Include="Players\Player Type\AI">
      <UniqueIdentifier>{a57800c9-89fa-426c-a7b2-1b4480a2e00c}</UniqueIdentifier>
    </Filter>
    <Filter Include="Players\Player Type\AI\Cpp Files">
      <UniqueIdentifier>{be0fef31-b14c-4986-94a1-78206e78e838}</UniqueIdentifier>
    </Filter>
    <Filter Include="Players\Player Type\AI\Header Files">
      <UniqueIdentifier>{4280ceb9-4b9e-4b3d-bd12-99e1174f879d}</UniqueIdentifier>
    </Filter>
    <Filter Include="Course">
      <UniqueIdentifier>{b6b6997b-03f8-41e7-a52e-21bb0fa87190}</UniqueIdentifier>
    </Filter>
    <Filter Include="Course\Object">
      <UniqueIdentifier>{ff0ffdfc-62d4-471a-a2da-fb6dc6090d32}</UniqueIdentifier>
    </Filter>
    <Filter Include="Course\Track">
      <UniqueIdentifier>{139d16d4-eaa5-4e86-b54f-8db2737c3468}</UniqueIdentifier>
    </Filter>
    <Filter Include="Course\Track\Header Files">
      <UniqueIdentifier>{6da3b1f1-4e0a-4874-a8f2-db964a2851dd}</UniqueIdentifier>
    </Filter>
    <Filter Include="Course\Track\Cpp Files">
      <UniqueIdentifier>{abdb1cf5-f9e0-44d4-92af-3e7f661c32c9}</UniqueIdentifier>
    </Filter>
    <Filter Include="Course\Object\Type of Object">
      <UniqueIdentifier>{39ba42b5-bd61-4ec2-9b02-ca172058582d}</UniqueIdentifier>
    </Filter>
    <Filter Include="Course\Object\Type of Object\SkyScraper">
      <UniqueIdentifier>{8cdbf0ea-998e-4fb0-b540-afacd120d8d3}</UniqueIdentifier>
    </Filter>
    <Filter Include="Course\Object\Type of Object\SkyScraper\Header File">
      <UniqueIdentifier>{1779582c-5e0b-4eeb-8941-3e013e485bf2}</UniqueIdentifier>
    </Filter>
    <Filter Include="Course\Object\Type of Object\SkyScraper\Cpp Files">
      <UniqueIdentifier>{7fbdfd58-f0c3-4d47-92cc-91bb3d95e53f}</UniqueIdentifier>
    </Filter>
    <Filter Include="Course\Object\Object BaseClass">
      <UniqueIdentifier>{13e23ff9-f132-4996-80e9-fdf748af3a2c}</UniqueIdentifier>
    </Filter>
    <Filter Include="Course\Object\Object BaseClass\Cpp Files">
      <UniqueIdentifier>{0033a60c-8d91-44e3-9392-300c42566b9a}</UniqueIdentifier>
    </Filter>
    <Filter Include="Course\Object\Object BaseClass\Header Files">
      <UniqueIdentifier>{a312978d-8a52-478b-8561-9346e8d22c42}</UniqueIdentifier>
    </Filter>
    <Filter Include="Sound">
      <UniqueIdentifier>{7a1f59f6-3492-4eea-9183-a9963930b442}</UniqueIdentifier>
    </Filter>
    <Filter Include="Sound\HeaderFiles">
      <UniqueIdentifier>{c9b8985e-10d7-4193-8450-c849c370e9d1}</UniqueIdentifier>
    </Filter>
    <Filter Include="Sound\Cpp Files">
      <UniqueIdentifier>{9b3e3153-f5ab-4bb0-9ea7-81fada84b65d}</UniqueIdentifier>
    </Filter>
    <Filter Include="Course\Object\Type of Object\BlockBuilding">
      <UniqueIdentifier>{bce21c58-ccd3-472f-aedb-eb64456e3399}</UniqueIdentifier>
    </Filter>
    <Filter Include="Course\Object\Type of Object\BlockBuilding\Header files">
      <UniqueIdentifier>{2c926b29-477e-4503-acdd-47a0e7780b81}</UniqueIdentifier>
    </Filter>
    <Filter Include="Course\Object\Type of Object\BlockBuilding\Cpp Files">
      <UniqueIdentifier>{350c9bcd-709f-409a-b738-128a2033ad63}</UniqueIdentifier>
    </Filter>
  </ItemGroup>
  <ItemGroup>
    <ClCompile Include="Player.cpp">
      <Filter>Players\Player Type\Human\Cpp Files</Filter>
    </ClCompile>
    <ClCompile Include="Global.cpp">
      <Filter>Global\Cpp Files</Filter>
    </ClCompile>
    <ClCompile Include="Game_Project.cpp">
      <Filter>Main\Cpp Files</Filter>
    </ClCompile>
    <ClCompile Include="Sound.cpp">
      <Filter>Sound\Cpp Files</Filter>
    </ClCompile>
    <ClCompile Include="VechMenu.cpp">
      <Filter>VechMenu\Cpp files</Filter>
    </ClCompile>
    <ClCompile Include="AI.cpp">
      <Filter>Players\Player Type\AI\Cpp Files</Filter>
    </ClCompile>
    <ClCompile Include="EntityManagers.cpp">
      <Filter>Entity Manager\Cpp File</Filter>
    </ClCompile>
    <ClCompile Include="BasePlayer.cpp">
      <Filter>Players\BasePlayer\Cpp File</Filter>
    </ClCompile>
    <ClCompile Include="Object.cpp">
      <Filter>Course\Object\Object BaseClass\Cpp Files</Filter>
    </ClCompile>
    <ClCompile Include="Track.cpp">
      <Filter>Course\Track\Cpp Files</Filter>
    </ClCompile>
    <ClCompile Include="SkyScraper.cpp">
      <Filter>Course\Object\Type of Object\SkyScraper\Cpp Files</Filter>
    </ClCompile>
    <ClCompile Include="BlockBuilding.cpp">
      <Filter>Course\Object\Type of Object\BlockBuilding\Cpp Files</Filter>
    </ClCompile>
  </ItemGroup>
  <ItemGroup>
    <ClInclude Include="Player.h">
      <Filter>Players\Player Type\Human\Header Files</Filter>
    </ClInclude>
    <ClInclude Include="Global.h">
      <Filter>Global\Header Files</Filter>
    </ClInclude>
    <ClInclude Include="Sound.h">
      <Filter>Sound\HeaderFiles</Filter>
    </ClInclude>
    <ClInclude Include="VechMenu.h">
      <Filter>VechMenu\Header files</Filter>
    </ClInclude>
    <ClInclude Include="AI.h">
      <Filter>Players\Player Type\AI\Header Files</Filter>
    </ClInclude>
    <ClInclude Include="EntityManager.h">
      <Filter>Entity Manager\HeaderFile</Filter>
    </ClInclude>
    <ClInclude Include="BasePlayer.h">
      <Filter>Players\BasePlayer\Header File</Filter>
    </ClInclude>
    <ClInclude Include="Object.h">
      <Filter>Course\Object\Object BaseClass\Header Files</Filter>
    </ClInclude>
    <ClInclude Include="Track.h">
      <Filter>Course\Track\Header Files</Filter>
    </ClInclude>
    <ClInclude Include="SkyScraper.h">
      <Filter>Course\Object\Type of Object\SkyScraper\Header File</Filter>
    </ClInclude>
    <ClInclude Include="BlockBuilding.h">
      <Filter>Course\Object\Type of Object\BlockBuilding\Header files</Filter>
    </ClInclude>
  </ItemGroup>
</Project>